// !$*UTF8*$!
{
	archiveVersion = 1;
	classes = {
	};
	objectVersion = 56;
	objects = {

/* Begin PBXBuildFile section */
		771EF32F29DD607500247BBF /* Strings.swift in Sources */ = {isa = PBXBuildFile; fileRef = 771EF32E29DD607500247BBF /* Strings.swift */; };
		771EF33229DD60D800247BBF /* Localizable.strings in Resources */ = {isa = PBXBuildFile; fileRef = 771EF33129DD60D800247BBF /* Localizable.strings */; };
		771EF33729DD631400247BBF /* Images.xcassets in Resources */ = {isa = PBXBuildFile; fileRef = 771EF33629DD631400247BBF /* Images.xcassets */; };
		771EF33929DD632900247BBF /* Colors.xcassets in Resources */ = {isa = PBXBuildFile; fileRef = 771EF33829DD632900247BBF /* Colors.xcassets */; };
		771EF33D29DD63C600247BBF /* Assets.swift in Sources */ = {isa = PBXBuildFile; fileRef = 771EF33C29DD63C600247BBF /* Assets.swift */; };
		771EF34129DD6B1500247BBF /* UIView+Constraints.swift in Sources */ = {isa = PBXBuildFile; fileRef = 771EF34029DD6B1500247BBF /* UIView+Constraints.swift */; };
		771EF34829DD749500247BBF /* Fonts.swift in Sources */ = {isa = PBXBuildFile; fileRef = 771EF34729DD749500247BBF /* Fonts.swift */; };
		771EF38B29DD7B1600247BBF /* NunitoSans-LightItalic.ttf in Resources */ = {isa = PBXBuildFile; fileRef = 771EF37C29DD7B1600247BBF /* NunitoSans-LightItalic.ttf */; };
		771EF38C29DD7B1600247BBF /* NunitoSans-BoldItalic.ttf in Resources */ = {isa = PBXBuildFile; fileRef = 771EF37D29DD7B1600247BBF /* NunitoSans-BoldItalic.ttf */; };
		771EF38D29DD7B1600247BBF /* NunitoSans-ExtraLight.ttf in Resources */ = {isa = PBXBuildFile; fileRef = 771EF37E29DD7B1600247BBF /* NunitoSans-ExtraLight.ttf */; };
		771EF38E29DD7B1600247BBF /* NunitoSans-Light.ttf in Resources */ = {isa = PBXBuildFile; fileRef = 771EF37F29DD7B1600247BBF /* NunitoSans-Light.ttf */; };
		771EF38F29DD7B1600247BBF /* NunitoSans-BlackItalic.ttf in Resources */ = {isa = PBXBuildFile; fileRef = 771EF38029DD7B1600247BBF /* NunitoSans-BlackItalic.ttf */; };
		771EF39029DD7B1600247BBF /* NunitoSans-ExtraBold.ttf in Resources */ = {isa = PBXBuildFile; fileRef = 771EF38129DD7B1600247BBF /* NunitoSans-ExtraBold.ttf */; };
		771EF39129DD7B1600247BBF /* NunitoSans-Regular.ttf in Resources */ = {isa = PBXBuildFile; fileRef = 771EF38229DD7B1600247BBF /* NunitoSans-Regular.ttf */; };
		771EF39229DD7B1600247BBF /* NunitoSans-SemiBoldItalic.ttf in Resources */ = {isa = PBXBuildFile; fileRef = 771EF38329DD7B1600247BBF /* NunitoSans-SemiBoldItalic.ttf */; };
		771EF39329DD7B1600247BBF /* NunitoSans-Italic.ttf in Resources */ = {isa = PBXBuildFile; fileRef = 771EF38429DD7B1600247BBF /* NunitoSans-Italic.ttf */; };
		771EF39429DD7B1600247BBF /* OFL.txt in Resources */ = {isa = PBXBuildFile; fileRef = 771EF38529DD7B1600247BBF /* OFL.txt */; };
		771EF39529DD7B1600247BBF /* NunitoSans-Bold.ttf in Resources */ = {isa = PBXBuildFile; fileRef = 771EF38629DD7B1600247BBF /* NunitoSans-Bold.ttf */; };
		771EF39629DD7B1600247BBF /* NunitoSans-SemiBold.ttf in Resources */ = {isa = PBXBuildFile; fileRef = 771EF38729DD7B1600247BBF /* NunitoSans-SemiBold.ttf */; };
		771EF39729DD7B1600247BBF /* NunitoSans-Black.ttf in Resources */ = {isa = PBXBuildFile; fileRef = 771EF38829DD7B1600247BBF /* NunitoSans-Black.ttf */; };
		771EF39829DD7B1600247BBF /* NunitoSans-ExtraBoldItalic.ttf in Resources */ = {isa = PBXBuildFile; fileRef = 771EF38929DD7B1600247BBF /* NunitoSans-ExtraBoldItalic.ttf */; };
		771EF39929DD7B1600247BBF /* NunitoSans-ExtraLightItalic.ttf in Resources */ = {isa = PBXBuildFile; fileRef = 771EF38A29DD7B1600247BBF /* NunitoSans-ExtraLightItalic.ttf */; };
		771EF39D29DDB30300247BBF /* LibraryView.swift in Sources */ = {isa = PBXBuildFile; fileRef = 771EF39C29DDB30300247BBF /* LibraryView.swift */; };
		771EF39F29DDB31000247BBF /* LibraryViewController.swift in Sources */ = {isa = PBXBuildFile; fileRef = 771EF39E29DDB31000247BBF /* LibraryViewController.swift */; };
		771EF3A129DDB32800247BBF /* LibraryPresenterIO.swift in Sources */ = {isa = PBXBuildFile; fileRef = 771EF3A029DDB32800247BBF /* LibraryPresenterIO.swift */; };
		771EF3A329DDB33200247BBF /* LibraryPresenter.swift in Sources */ = {isa = PBXBuildFile; fileRef = 771EF3A229DDB33200247BBF /* LibraryPresenter.swift */; };
		771EF3A529DDB35500247BBF /* LibraryFactory.swift in Sources */ = {isa = PBXBuildFile; fileRef = 771EF3A429DDB35500247BBF /* LibraryFactory.swift */; };
		771EF3A729DDB36200247BBF /* MainCoordinator.swift in Sources */ = {isa = PBXBuildFile; fileRef = 771EF3A629DDB36200247BBF /* MainCoordinator.swift */; };
		771EF3A929DDC2B700247BBF /* GoogleService-Info.plist in Resources */ = {isa = PBXBuildFile; fileRef = 771EF3A829DDC2B700247BBF /* GoogleService-Info.plist */; };
		771EF3B029DDC5E700247BBF /* FirebaseAnalytics in Frameworks */ = {isa = PBXBuildFile; productRef = 771EF3AF29DDC5E700247BBF /* FirebaseAnalytics */; };
		771EF3B229DDC5E700247BBF /* FirebaseCrashlytics in Frameworks */ = {isa = PBXBuildFile; productRef = 771EF3B129DDC5E700247BBF /* FirebaseCrashlytics */; };
		771EF3B529DDD70E00247BBF /* BannerCollectionViewCell.swift in Sources */ = {isa = PBXBuildFile; fileRef = 771EF3B429DDD70E00247BBF /* BannerCollectionViewCell.swift */; };
		772A76AB29DE9D1800D36ED3 /* BooksJSON.json in Resources */ = {isa = PBXBuildFile; fileRef = 772A76AA29DE9D1800D36ED3 /* BooksJSON.json */; };
		772A76AE29DE9D6100D36ED3 /* BannerJSON.json in Resources */ = {isa = PBXBuildFile; fileRef = 772A76AD29DE9D6100D36ED3 /* BannerJSON.json */; };
		772A76B029DE9DB000D36ED3 /* RecommendationJSON.json in Resources */ = {isa = PBXBuildFile; fileRef = 772A76AF29DE9DB000D36ED3 /* RecommendationJSON.json */; };
		772A76B329DE9FBB00D36ED3 /* BooksDataModel.swift in Sources */ = {isa = PBXBuildFile; fileRef = 772A76B229DE9FBB00D36ED3 /* BooksDataModel.swift */; };
		772A76B529DEA21600D36ED3 /* BannersDataModel.swift in Sources */ = {isa = PBXBuildFile; fileRef = 772A76B429DEA21600D36ED3 /* BannersDataModel.swift */; };
		772A76B729DEA2C800D36ED3 /* RecommendationDataModel.swift in Sources */ = {isa = PBXBuildFile; fileRef = 772A76B629DEA2C800D36ED3 /* RecommendationDataModel.swift */; };
		772A76BA29DEA49B00D36ED3 /* BooksData.swift in Sources */ = {isa = PBXBuildFile; fileRef = 772A76B929DEA49B00D36ED3 /* BooksData.swift */; };
		772A76BD29DEA6EE00D36ED3 /* BannerData.swift in Sources */ = {isa = PBXBuildFile; fileRef = 772A76BC29DEA6EE00D36ED3 /* BannerData.swift */; };
		772A76C029DEA86400D36ED3 /* RecommendationData.swift in Sources */ = {isa = PBXBuildFile; fileRef = 772A76BF29DEA86400D36ED3 /* RecommendationData.swift */; };
		772A76C329DEB29200D36ED3 /* Kingfisher in Frameworks */ = {isa = PBXBuildFile; productRef = 772A76C229DEB29200D36ED3 /* Kingfisher */; };
		772A76C829DEB4CD00D36ED3 /* UIView+Image.swift in Sources */ = {isa = PBXBuildFile; fileRef = 772A76C729DEB4CD00D36ED3 /* UIView+Image.swift */; };
		77377C9C29DF198A00A1089D /* BookCollectionViewCell.swift in Sources */ = {isa = PBXBuildFile; fileRef = 77377C9B29DF198A00A1089D /* BookCollectionViewCell.swift */; };
		773AC7D129DC447B001A3939 /* AppDelegate.swift in Sources */ = {isa = PBXBuildFile; fileRef = 773AC7D029DC447B001A3939 /* AppDelegate.swift */; };
		773AC7D329DC447B001A3939 /* SceneDelegate.swift in Sources */ = {isa = PBXBuildFile; fileRef = 773AC7D229DC447B001A3939 /* SceneDelegate.swift */; };
		773AC7DD29DC447D001A3939 /* LaunchScreen.storyboard in Resources */ = {isa = PBXBuildFile; fileRef = 773AC7DB29DC447D001A3939 /* LaunchScreen.storyboard */; };
		773AC7E629DC45F9001A3939 /* AppCoordinator.swift in Sources */ = {isa = PBXBuildFile; fileRef = 773AC7E529DC45F9001A3939 /* AppCoordinator.swift */; };
		773AC7F129DC4943001A3939 /* Coordinator.swift in Sources */ = {isa = PBXBuildFile; fileRef = 773AC7F029DC4943001A3939 /* Coordinator.swift */; };
		773AC7F329DC4965001A3939 /* LaunchInstructor.swift in Sources */ = {isa = PBXBuildFile; fileRef = 773AC7F229DC4965001A3939 /* LaunchInstructor.swift */; };
		773AC7F929DC4B2D001A3939 /* CoordinatorFactory.swift in Sources */ = {isa = PBXBuildFile; fileRef = 773AC7F529DC4B2D001A3939 /* CoordinatorFactory.swift */; };
		773AC7FA29DC4B2D001A3939 /* Factory.swift in Sources */ = {isa = PBXBuildFile; fileRef = 773AC7F629DC4B2D001A3939 /* Factory.swift */; };
		773AC7FB29DC4B2D001A3939 /* Router.swift in Sources */ = {isa = PBXBuildFile; fileRef = 773AC7F829DC4B2D001A3939 /* Router.swift */; };
		773AC80329DC4B9D001A3939 /* UIViewController+ControllerForPresentation.swift in Sources */ = {isa = PBXBuildFile; fileRef = 773AC7FF29DC4B9D001A3939 /* UIViewController+ControllerForPresentation.swift */; };
		773AC80829DC4C1D001A3939 /* Services.swift in Sources */ = {isa = PBXBuildFile; fileRef = 773AC80729DC4C1D001A3939 /* Services.swift */; };
		773AC80D29DC4D1B001A3939 /* LaunchFactory.swift in Sources */ = {isa = PBXBuildFile; fileRef = 773AC80C29DC4D1B001A3939 /* LaunchFactory.swift */; };
		773AC80F29DC4D3B001A3939 /* LaunchCoordinator.swift in Sources */ = {isa = PBXBuildFile; fileRef = 773AC80E29DC4D3B001A3939 /* LaunchCoordinator.swift */; };
		773AC81129DC4DE2001A3939 /* AppProvider.swift in Sources */ = {isa = PBXBuildFile; fileRef = 773AC81029DC4DE2001A3939 /* AppProvider.swift */; };
		773AC81429DC4ED7001A3939 /* LaunchPresenter.swift in Sources */ = {isa = PBXBuildFile; fileRef = 773AC81329DC4ED7001A3939 /* LaunchPresenter.swift */; };
		773AC81629DC4EE2001A3939 /* LaunchPresenterIO.swift in Sources */ = {isa = PBXBuildFile; fileRef = 773AC81529DC4EE2001A3939 /* LaunchPresenterIO.swift */; };
		773AC81829DC4F00001A3939 /* LaunchViewController.swift in Sources */ = {isa = PBXBuildFile; fileRef = 773AC81729DC4F00001A3939 /* LaunchViewController.swift */; };
		773AC81A29DC4F0D001A3939 /* LaunchView.swift in Sources */ = {isa = PBXBuildFile; fileRef = 773AC81929DC4F0D001A3939 /* LaunchView.swift */; };
		77C9DDB929E05151005B4135 /* RecommendedView.swift in Sources */ = {isa = PBXBuildFile; fileRef = 77C9DDB829E05151005B4135 /* RecommendedView.swift */; };
		77C9DDBB29E0517A005B4135 /* RecommendedViewController.swift in Sources */ = {isa = PBXBuildFile; fileRef = 77C9DDBA29E0517A005B4135 /* RecommendedViewController.swift */; };
		77C9DDBD29E051BB005B4135 /* RecommendedPresenterIO.swift in Sources */ = {isa = PBXBuildFile; fileRef = 77C9DDBC29E051BB005B4135 /* RecommendedPresenterIO.swift */; };
		77C9DDBF29E051C9005B4135 /* RecommendedPresenter.swift in Sources */ = {isa = PBXBuildFile; fileRef = 77C9DDBE29E051C9005B4135 /* RecommendedPresenter.swift */; };
		77C9DDC129E05A18005B4135 /* UIViewController+Views.swift in Sources */ = {isa = PBXBuildFile; fileRef = 77C9DDC029E05A18005B4135 /* UIViewController+Views.swift */; };
/* End PBXBuildFile section */

/* Begin PBXFileReference section */
		771EF32E29DD607500247BBF /* Strings.swift */ = {isa = PBXFileReference; lastKnownFileType = sourcecode.swift; path = Strings.swift; sourceTree = "<group>"; };
		771EF33129DD60D800247BBF /* Localizable.strings */ = {isa = PBXFileReference; lastKnownFileType = text.plist.strings; path = Localizable.strings; sourceTree = "<group>"; };
		771EF33629DD631400247BBF /* Images.xcassets */ = {isa = PBXFileReference; lastKnownFileType = folder.assetcatalog; path = Images.xcassets; sourceTree = "<group>"; };
		771EF33829DD632900247BBF /* Colors.xcassets */ = {isa = PBXFileReference; lastKnownFileType = folder.assetcatalog; path = Colors.xcassets; sourceTree = "<group>"; };
		771EF33C29DD63C600247BBF /* Assets.swift */ = {isa = PBXFileReference; lastKnownFileType = sourcecode.swift; path = Assets.swift; sourceTree = "<group>"; };
		771EF34029DD6B1500247BBF /* UIView+Constraints.swift */ = {isa = PBXFileReference; lastKnownFileType = sourcecode.swift; path = "UIView+Constraints.swift"; sourceTree = "<group>"; };
		771EF34729DD749500247BBF /* Fonts.swift */ = {isa = PBXFileReference; lastKnownFileType = sourcecode.swift; path = Fonts.swift; sourceTree = "<group>"; };
		771EF34929DD750F00247BBF /* georgia bold italic.ttf */ = {isa = PBXFileReference; lastKnownFileType = file; path = "georgia bold italic.ttf"; sourceTree = "<group>"; };
		771EF37C29DD7B1600247BBF /* NunitoSans-LightItalic.ttf */ = {isa = PBXFileReference; lastKnownFileType = file; path = "NunitoSans-LightItalic.ttf"; sourceTree = "<group>"; };
		771EF37D29DD7B1600247BBF /* NunitoSans-BoldItalic.ttf */ = {isa = PBXFileReference; lastKnownFileType = file; path = "NunitoSans-BoldItalic.ttf"; sourceTree = "<group>"; };
		771EF37E29DD7B1600247BBF /* NunitoSans-ExtraLight.ttf */ = {isa = PBXFileReference; lastKnownFileType = file; path = "NunitoSans-ExtraLight.ttf"; sourceTree = "<group>"; };
		771EF37F29DD7B1600247BBF /* NunitoSans-Light.ttf */ = {isa = PBXFileReference; lastKnownFileType = file; path = "NunitoSans-Light.ttf"; sourceTree = "<group>"; };
		771EF38029DD7B1600247BBF /* NunitoSans-BlackItalic.ttf */ = {isa = PBXFileReference; lastKnownFileType = file; path = "NunitoSans-BlackItalic.ttf"; sourceTree = "<group>"; };
		771EF38129DD7B1600247BBF /* NunitoSans-ExtraBold.ttf */ = {isa = PBXFileReference; lastKnownFileType = file; path = "NunitoSans-ExtraBold.ttf"; sourceTree = "<group>"; };
		771EF38229DD7B1600247BBF /* NunitoSans-Regular.ttf */ = {isa = PBXFileReference; lastKnownFileType = file; path = "NunitoSans-Regular.ttf"; sourceTree = "<group>"; };
		771EF38329DD7B1600247BBF /* NunitoSans-SemiBoldItalic.ttf */ = {isa = PBXFileReference; lastKnownFileType = file; path = "NunitoSans-SemiBoldItalic.ttf"; sourceTree = "<group>"; };
		771EF38429DD7B1600247BBF /* NunitoSans-Italic.ttf */ = {isa = PBXFileReference; lastKnownFileType = file; path = "NunitoSans-Italic.ttf"; sourceTree = "<group>"; };
		771EF38529DD7B1600247BBF /* OFL.txt */ = {isa = PBXFileReference; fileEncoding = 4; lastKnownFileType = text; path = OFL.txt; sourceTree = "<group>"; };
		771EF38629DD7B1600247BBF /* NunitoSans-Bold.ttf */ = {isa = PBXFileReference; lastKnownFileType = file; path = "NunitoSans-Bold.ttf"; sourceTree = "<group>"; };
		771EF38729DD7B1600247BBF /* NunitoSans-SemiBold.ttf */ = {isa = PBXFileReference; lastKnownFileType = file; path = "NunitoSans-SemiBold.ttf"; sourceTree = "<group>"; };
		771EF38829DD7B1600247BBF /* NunitoSans-Black.ttf */ = {isa = PBXFileReference; lastKnownFileType = file; path = "NunitoSans-Black.ttf"; sourceTree = "<group>"; };
		771EF38929DD7B1600247BBF /* NunitoSans-ExtraBoldItalic.ttf */ = {isa = PBXFileReference; lastKnownFileType = file; path = "NunitoSans-ExtraBoldItalic.ttf"; sourceTree = "<group>"; };
		771EF38A29DD7B1600247BBF /* NunitoSans-ExtraLightItalic.ttf */ = {isa = PBXFileReference; lastKnownFileType = file; path = "NunitoSans-ExtraLightItalic.ttf"; sourceTree = "<group>"; };
		771EF39C29DDB30300247BBF /* LibraryView.swift */ = {isa = PBXFileReference; lastKnownFileType = sourcecode.swift; path = LibraryView.swift; sourceTree = "<group>"; };
		771EF39E29DDB31000247BBF /* LibraryViewController.swift */ = {isa = PBXFileReference; lastKnownFileType = sourcecode.swift; path = LibraryViewController.swift; sourceTree = "<group>"; };
		771EF3A029DDB32800247BBF /* LibraryPresenterIO.swift */ = {isa = PBXFileReference; lastKnownFileType = sourcecode.swift; path = LibraryPresenterIO.swift; sourceTree = "<group>"; };
		771EF3A229DDB33200247BBF /* LibraryPresenter.swift */ = {isa = PBXFileReference; lastKnownFileType = sourcecode.swift; path = LibraryPresenter.swift; sourceTree = "<group>"; };
		771EF3A429DDB35500247BBF /* LibraryFactory.swift */ = {isa = PBXFileReference; lastKnownFileType = sourcecode.swift; path = LibraryFactory.swift; sourceTree = "<group>"; };
		771EF3A629DDB36200247BBF /* MainCoordinator.swift */ = {isa = PBXFileReference; lastKnownFileType = sourcecode.swift; path = MainCoordinator.swift; sourceTree = "<group>"; };
		771EF3A829DDC2B700247BBF /* GoogleService-Info.plist */ = {isa = PBXFileReference; fileEncoding = 4; lastKnownFileType = text.plist.xml; path = "GoogleService-Info.plist"; sourceTree = "<group>"; };
		771EF3B429DDD70E00247BBF /* BannerCollectionViewCell.swift */ = {isa = PBXFileReference; lastKnownFileType = sourcecode.swift; path = BannerCollectionViewCell.swift; sourceTree = "<group>"; };
		772A76AA29DE9D1800D36ED3 /* BooksJSON.json */ = {isa = PBXFileReference; lastKnownFileType = text.json; path = BooksJSON.json; sourceTree = "<group>"; };
		772A76AD29DE9D6100D36ED3 /* BannerJSON.json */ = {isa = PBXFileReference; lastKnownFileType = text.json; path = BannerJSON.json; sourceTree = "<group>"; };
		772A76AF29DE9DB000D36ED3 /* RecommendationJSON.json */ = {isa = PBXFileReference; lastKnownFileType = text.json; path = RecommendationJSON.json; sourceTree = "<group>"; };
		772A76B229DE9FBB00D36ED3 /* BooksDataModel.swift */ = {isa = PBXFileReference; lastKnownFileType = sourcecode.swift; path = BooksDataModel.swift; sourceTree = "<group>"; };
		772A76B429DEA21600D36ED3 /* BannersDataModel.swift */ = {isa = PBXFileReference; lastKnownFileType = sourcecode.swift; path = BannersDataModel.swift; sourceTree = "<group>"; };
		772A76B629DEA2C800D36ED3 /* RecommendationDataModel.swift */ = {isa = PBXFileReference; lastKnownFileType = sourcecode.swift; path = RecommendationDataModel.swift; sourceTree = "<group>"; };
		772A76B929DEA49B00D36ED3 /* BooksData.swift */ = {isa = PBXFileReference; lastKnownFileType = sourcecode.swift; path = BooksData.swift; sourceTree = "<group>"; };
		772A76BC29DEA6EE00D36ED3 /* BannerData.swift */ = {isa = PBXFileReference; lastKnownFileType = sourcecode.swift; path = BannerData.swift; sourceTree = "<group>"; };
		772A76BF29DEA86400D36ED3 /* RecommendationData.swift */ = {isa = PBXFileReference; lastKnownFileType = sourcecode.swift; path = RecommendationData.swift; sourceTree = "<group>"; };
		772A76C729DEB4CD00D36ED3 /* UIView+Image.swift */ = {isa = PBXFileReference; lastKnownFileType = sourcecode.swift; path = "UIView+Image.swift"; sourceTree = "<group>"; };
		77377C9B29DF198A00A1089D /* BookCollectionViewCell.swift */ = {isa = PBXFileReference; lastKnownFileType = sourcecode.swift; path = BookCollectionViewCell.swift; sourceTree = "<group>"; };
		773AC7CD29DC447B001A3939 /* BookApp.app */ = {isa = PBXFileReference; explicitFileType = wrapper.application; includeInIndex = 0; path = BookApp.app; sourceTree = BUILT_PRODUCTS_DIR; };
		773AC7D029DC447B001A3939 /* AppDelegate.swift */ = {isa = PBXFileReference; lastKnownFileType = sourcecode.swift; path = AppDelegate.swift; sourceTree = "<group>"; };
		773AC7D229DC447B001A3939 /* SceneDelegate.swift */ = {isa = PBXFileReference; lastKnownFileType = sourcecode.swift; path = SceneDelegate.swift; sourceTree = "<group>"; };
		773AC7DC29DC447D001A3939 /* Base */ = {isa = PBXFileReference; lastKnownFileType = file.storyboard; name = Base; path = Base.lproj/LaunchScreen.storyboard; sourceTree = "<group>"; };
		773AC7DE29DC447D001A3939 /* Info.plist */ = {isa = PBXFileReference; lastKnownFileType = text.plist.xml; path = Info.plist; sourceTree = "<group>"; };
		773AC7E529DC45F9001A3939 /* AppCoordinator.swift */ = {isa = PBXFileReference; lastKnownFileType = sourcecode.swift; path = AppCoordinator.swift; sourceTree = "<group>"; };
		773AC7F029DC4943001A3939 /* Coordinator.swift */ = {isa = PBXFileReference; lastKnownFileType = sourcecode.swift; path = Coordinator.swift; sourceTree = "<group>"; };
		773AC7F229DC4965001A3939 /* LaunchInstructor.swift */ = {isa = PBXFileReference; lastKnownFileType = sourcecode.swift; path = LaunchInstructor.swift; sourceTree = "<group>"; };
		773AC7F529DC4B2D001A3939 /* CoordinatorFactory.swift */ = {isa = PBXFileReference; fileEncoding = 4; lastKnownFileType = sourcecode.swift; path = CoordinatorFactory.swift; sourceTree = "<group>"; };
		773AC7F629DC4B2D001A3939 /* Factory.swift */ = {isa = PBXFileReference; fileEncoding = 4; lastKnownFileType = sourcecode.swift; path = Factory.swift; sourceTree = "<group>"; };
		773AC7F829DC4B2D001A3939 /* Router.swift */ = {isa = PBXFileReference; fileEncoding = 4; lastKnownFileType = sourcecode.swift; path = Router.swift; sourceTree = "<group>"; };
		773AC7FF29DC4B9D001A3939 /* UIViewController+ControllerForPresentation.swift */ = {isa = PBXFileReference; fileEncoding = 4; lastKnownFileType = sourcecode.swift; path = "UIViewController+ControllerForPresentation.swift"; sourceTree = "<group>"; };
		773AC80729DC4C1D001A3939 /* Services.swift */ = {isa = PBXFileReference; lastKnownFileType = sourcecode.swift; path = Services.swift; sourceTree = "<group>"; };
		773AC80C29DC4D1B001A3939 /* LaunchFactory.swift */ = {isa = PBXFileReference; lastKnownFileType = sourcecode.swift; path = LaunchFactory.swift; sourceTree = "<group>"; };
		773AC80E29DC4D3B001A3939 /* LaunchCoordinator.swift */ = {isa = PBXFileReference; lastKnownFileType = sourcecode.swift; path = LaunchCoordinator.swift; sourceTree = "<group>"; };
		773AC81029DC4DE2001A3939 /* AppProvider.swift */ = {isa = PBXFileReference; lastKnownFileType = sourcecode.swift; path = AppProvider.swift; sourceTree = "<group>"; };
		773AC81329DC4ED7001A3939 /* LaunchPresenter.swift */ = {isa = PBXFileReference; lastKnownFileType = sourcecode.swift; path = LaunchPresenter.swift; sourceTree = "<group>"; };
		773AC81529DC4EE2001A3939 /* LaunchPresenterIO.swift */ = {isa = PBXFileReference; lastKnownFileType = sourcecode.swift; path = LaunchPresenterIO.swift; sourceTree = "<group>"; };
		773AC81729DC4F00001A3939 /* LaunchViewController.swift */ = {isa = PBXFileReference; lastKnownFileType = sourcecode.swift; path = LaunchViewController.swift; sourceTree = "<group>"; };
		773AC81929DC4F0D001A3939 /* LaunchView.swift */ = {isa = PBXFileReference; lastKnownFileType = sourcecode.swift; path = LaunchView.swift; sourceTree = "<group>"; };
		77C9DDB829E05151005B4135 /* RecommendedView.swift */ = {isa = PBXFileReference; lastKnownFileType = sourcecode.swift; path = RecommendedView.swift; sourceTree = "<group>"; };
		77C9DDBA29E0517A005B4135 /* RecommendedViewController.swift */ = {isa = PBXFileReference; lastKnownFileType = sourcecode.swift; path = RecommendedViewController.swift; sourceTree = "<group>"; };
		77C9DDBC29E051BB005B4135 /* RecommendedPresenterIO.swift */ = {isa = PBXFileReference; lastKnownFileType = sourcecode.swift; path = RecommendedPresenterIO.swift; sourceTree = "<group>"; };
		77C9DDBE29E051C9005B4135 /* RecommendedPresenter.swift */ = {isa = PBXFileReference; lastKnownFileType = sourcecode.swift; path = RecommendedPresenter.swift; sourceTree = "<group>"; };
		77C9DDC029E05A18005B4135 /* UIViewController+Views.swift */ = {isa = PBXFileReference; lastKnownFileType = sourcecode.swift; path = "UIViewController+Views.swift"; sourceTree = "<group>"; };
/* End PBXFileReference section */

/* Begin PBXFrameworksBuildPhase section */
		773AC7CA29DC447B001A3939 /* Frameworks */ = {
			isa = PBXFrameworksBuildPhase;
			buildActionMask = 2147483647;
			files = (
				772A76C329DEB29200D36ED3 /* Kingfisher in Frameworks */,
				771EF3B029DDC5E700247BBF /* FirebaseAnalytics in Frameworks */,
				771EF3B229DDC5E700247BBF /* FirebaseCrashlytics in Frameworks */,
			);
			runOnlyForDeploymentPostprocessing = 0;
		};
/* End PBXFrameworksBuildPhase section */

/* Begin PBXGroup section */
		771EF32D29DD605B00247BBF /* SwiftGen */ = {
			isa = PBXGroup;
			children = (
				771EF32E29DD607500247BBF /* Strings.swift */,
				771EF33C29DD63C600247BBF /* Assets.swift */,
				771EF34729DD749500247BBF /* Fonts.swift */,
			);
			path = SwiftGen;
			sourceTree = "<group>";
		};
		771EF33029DD60C000247BBF /* Localization */ = {
			isa = PBXGroup;
			children = (
				771EF33129DD60D800247BBF /* Localizable.strings */,
			);
			path = Localization;
			sourceTree = "<group>";
		};
		771EF33329DD61D100247BBF /* Assets */ = {
			isa = PBXGroup;
			children = (
				771EF33829DD632900247BBF /* Colors.xcassets */,
				771EF33629DD631400247BBF /* Images.xcassets */,
			);
			path = Assets;
			sourceTree = "<group>";
		};
		771EF33E29DD63DC00247BBF /* Fonts */ = {
			isa = PBXGroup;
			children = (
				771EF38629DD7B1600247BBF /* NunitoSans-Bold.ttf */,
				771EF37C29DD7B1600247BBF /* NunitoSans-LightItalic.ttf */,
				771EF37D29DD7B1600247BBF /* NunitoSans-BoldItalic.ttf */,
				771EF37E29DD7B1600247BBF /* NunitoSans-ExtraLight.ttf */,
				771EF37F29DD7B1600247BBF /* NunitoSans-Light.ttf */,
				771EF38029DD7B1600247BBF /* NunitoSans-BlackItalic.ttf */,
				771EF38129DD7B1600247BBF /* NunitoSans-ExtraBold.ttf */,
				771EF38229DD7B1600247BBF /* NunitoSans-Regular.ttf */,
				771EF38329DD7B1600247BBF /* NunitoSans-SemiBoldItalic.ttf */,
				771EF38429DD7B1600247BBF /* NunitoSans-Italic.ttf */,
				771EF38529DD7B1600247BBF /* OFL.txt */,
				771EF38729DD7B1600247BBF /* NunitoSans-SemiBold.ttf */,
				771EF38829DD7B1600247BBF /* NunitoSans-Black.ttf */,
				771EF38929DD7B1600247BBF /* NunitoSans-ExtraBoldItalic.ttf */,
				771EF38A29DD7B1600247BBF /* NunitoSans-ExtraLightItalic.ttf */,
				771EF34929DD750F00247BBF /* georgia bold italic.ttf */,
			);
			path = Fonts;
			sourceTree = "<group>";
		};
		771EF33F29DD6AF000247BBF /* Extension */ = {
			isa = PBXGroup;
			children = (
				771EF34029DD6B1500247BBF /* UIView+Constraints.swift */,
				772A76C729DEB4CD00D36ED3 /* UIView+Image.swift */,
				77C9DDC029E05A18005B4135 /* UIViewController+Views.swift */,
			);
			path = Extension;
			sourceTree = "<group>";
		};
		771EF39A29DDB2C300247BBF /* LibraryModule */ = {
			isa = PBXGroup;
			children = (
				771EF3A229DDB33200247BBF /* LibraryPresenter.swift */,
				771EF3A029DDB32800247BBF /* LibraryPresenterIO.swift */,
				771EF39E29DDB31000247BBF /* LibraryViewController.swift */,
				771EF39C29DDB30300247BBF /* LibraryView.swift */,
			);
			path = LibraryModule;
			sourceTree = "<group>";
		};
		771EF39B29DDB2EA00247BBF /* Assembler */ = {
			isa = PBXGroup;
			children = (
				771EF3A429DDB35500247BBF /* LibraryFactory.swift */,
				771EF3A629DDB36200247BBF /* MainCoordinator.swift */,
			);
			path = Assembler;
			sourceTree = "<group>";
		};
		771EF3B329DDD6DB00247BBF /* UIComponents */ = {
			isa = PBXGroup;
			children = (
				77377C9D29DF1A2B00A1089D /* CollectionCells */,
			);
			path = UIComponents;
			sourceTree = "<group>";
		};
		772A76A629DE994200D36ED3 /* DataBase */ = {
			isa = PBXGroup;
			children = (
				772A76A929DE9CF200D36ED3 /* JSONData */,
				772A76B829DEA48300D36ED3 /* BoockData */,
				772A76BB29DEA6DB00D36ED3 /* BannerData */,
				772A76BE29DEA81D00D36ED3 /* RecommendationData */,
			);
			path = DataBase;
			sourceTree = "<group>";
		};
		772A76A929DE9CF200D36ED3 /* JSONData */ = {
			isa = PBXGroup;
			children = (
				772A76AA29DE9D1800D36ED3 /* BooksJSON.json */,
				772A76AD29DE9D6100D36ED3 /* BannerJSON.json */,
				772A76AF29DE9DB000D36ED3 /* RecommendationJSON.json */,
			);
			path = JSONData;
			sourceTree = "<group>";
		};
		772A76B129DE9F9600D36ED3 /* Models */ = {
			isa = PBXGroup;
			children = (
				772A76B229DE9FBB00D36ED3 /* BooksDataModel.swift */,
				772A76B429DEA21600D36ED3 /* BannersDataModel.swift */,
				772A76B629DEA2C800D36ED3 /* RecommendationDataModel.swift */,
			);
			path = Models;
			sourceTree = "<group>";
		};
		772A76B829DEA48300D36ED3 /* BoockData */ = {
			isa = PBXGroup;
			children = (
				772A76B929DEA49B00D36ED3 /* BooksData.swift */,
			);
			path = BoockData;
			sourceTree = "<group>";
		};
		772A76BB29DEA6DB00D36ED3 /* BannerData */ = {
			isa = PBXGroup;
			children = (
				772A76BC29DEA6EE00D36ED3 /* BannerData.swift */,
			);
			path = BannerData;
			sourceTree = "<group>";
		};
		772A76BE29DEA81D00D36ED3 /* RecommendationData */ = {
			isa = PBXGroup;
			children = (
				772A76BF29DEA86400D36ED3 /* RecommendationData.swift */,
			);
			path = RecommendationData;
			sourceTree = "<group>";
		};
		77377C9D29DF1A2B00A1089D /* CollectionCells */ = {
			isa = PBXGroup;
			children = (
				771EF3B429DDD70E00247BBF /* BannerCollectionViewCell.swift */,
				77377C9B29DF198A00A1089D /* BookCollectionViewCell.swift */,
			);
			path = CollectionCells;
			sourceTree = "<group>";
		};
		773AC7C429DC447B001A3939 = {
			isa = PBXGroup;
			children = (
				773AC7CF29DC447B001A3939 /* BookApp */,
				773AC7CE29DC447B001A3939 /* Products */,
			);
			sourceTree = "<group>";
		};
		773AC7CE29DC447B001A3939 /* Products */ = {
			isa = PBXGroup;
			children = (
				773AC7CD29DC447B001A3939 /* BookApp.app */,
			);
			name = Products;
			sourceTree = "<group>";
		};
		773AC7CF29DC447B001A3939 /* BookApp */ = {
			isa = PBXGroup;
			children = (
				773AC7E429DC44A1001A3939 /* Application */,
				773AC7E729DC4648001A3939 /* BussinessLogic */,
				773AC7E829DC4669001A3939 /* Core */,
				773AC7E929DC4676001A3939 /* CoreUI */,
				773AC7EA29DC467E001A3939 /* Enviroment */,
				773AC7EB29DC4690001A3939 /* Presentation */,
				773AC7EC29DC469A001A3939 /* Resources */,
			);
			path = BookApp;
			sourceTree = "<group>";
		};
		773AC7E429DC44A1001A3939 /* Application */ = {
			isa = PBXGroup;
			children = (
				773AC7E529DC45F9001A3939 /* AppCoordinator.swift */,
				773AC7D029DC447B001A3939 /* AppDelegate.swift */,
				773AC7D229DC447B001A3939 /* SceneDelegate.swift */,
				773AC81029DC4DE2001A3939 /* AppProvider.swift */,
			);
			path = Application;
			sourceTree = "<group>";
		};
		773AC7E729DC4648001A3939 /* BussinessLogic */ = {
			isa = PBXGroup;
			children = (
				772A76B129DE9F9600D36ED3 /* Models */,
				772A76A629DE994200D36ED3 /* DataBase */,
				773AC80529DC4BF5001A3939 /* Services */,
			);
			path = BussinessLogic;
			sourceTree = "<group>";
		};
		773AC7E829DC4669001A3939 /* Core */ = {
			isa = PBXGroup;
			children = (
				773AC7EF29DC4935001A3939 /* Coordinator */,
				773AC7FC29DC4B9D001A3939 /* Extensions */,
				773AC7F429DC4B2D001A3939 /* Factory */,
				773AC7F729DC4B2D001A3939 /* Router */,
			);
			path = Core;
			sourceTree = "<group>";
		};
		773AC7E929DC4676001A3939 /* CoreUI */ = {
			isa = PBXGroup;
			children = (
				771EF33F29DD6AF000247BBF /* Extension */,
			);
			path = CoreUI;
			sourceTree = "<group>";
		};
		773AC7EA29DC467E001A3939 /* Enviroment */ = {
			isa = PBXGroup;
			children = (
				771EF3A829DDC2B700247BBF /* GoogleService-Info.plist */,
				773AC7DE29DC447D001A3939 /* Info.plist */,
			);
			path = Enviroment;
			sourceTree = "<group>";
		};
		773AC7EB29DC4690001A3939 /* Presentation */ = {
			isa = PBXGroup;
			children = (
				773AC80929DC4CE6001A3939 /* Launch */,
				773AC80A29DC4CEC001A3939 /* Main */,
				771EF3B329DDD6DB00247BBF /* UIComponents */,
			);
			path = Presentation;
			sourceTree = "<group>";
		};
		773AC7EC29DC469A001A3939 /* Resources */ = {
			isa = PBXGroup;
			children = (
				771EF32D29DD605B00247BBF /* SwiftGen */,
				771EF33029DD60C000247BBF /* Localization */,
				771EF33E29DD63DC00247BBF /* Fonts */,
				771EF33329DD61D100247BBF /* Assets */,
				773AC7ED29DC46B7001A3939 /* Storyboards */,
			);
			path = Resources;
			sourceTree = "<group>";
		};
		773AC7ED29DC46B7001A3939 /* Storyboards */ = {
			isa = PBXGroup;
			children = (
				773AC7DB29DC447D001A3939 /* LaunchScreen.storyboard */,
			);
			path = Storyboards;
			sourceTree = "<group>";
		};
		773AC7EF29DC4935001A3939 /* Coordinator */ = {
			isa = PBXGroup;
			children = (
				773AC7F029DC4943001A3939 /* Coordinator.swift */,
				773AC7F229DC4965001A3939 /* LaunchInstructor.swift */,
			);
			path = Coordinator;
			sourceTree = "<group>";
		};
		773AC7F429DC4B2D001A3939 /* Factory */ = {
			isa = PBXGroup;
			children = (
				773AC7F529DC4B2D001A3939 /* CoordinatorFactory.swift */,
				773AC7F629DC4B2D001A3939 /* Factory.swift */,
			);
			path = Factory;
			sourceTree = "<group>";
		};
		773AC7F729DC4B2D001A3939 /* Router */ = {
			isa = PBXGroup;
			children = (
				773AC7F829DC4B2D001A3939 /* Router.swift */,
			);
			path = Router;
			sourceTree = "<group>";
		};
		773AC7FC29DC4B9D001A3939 /* Extensions */ = {
			isa = PBXGroup;
			children = (
				773AC7FD29DC4B9D001A3939 /* UIKit */,
			);
			path = Extensions;
			sourceTree = "<group>";
		};
		773AC7FD29DC4B9D001A3939 /* UIKit */ = {
			isa = PBXGroup;
			children = (
				773AC7FF29DC4B9D001A3939 /* UIViewController+ControllerForPresentation.swift */,
			);
			path = UIKit;
			sourceTree = "<group>";
		};
		773AC80529DC4BF5001A3939 /* Services */ = {
			isa = PBXGroup;
			children = (
				773AC80629DC4BFD001A3939 /* Container */,
			);
			path = Services;
			sourceTree = "<group>";
		};
		773AC80629DC4BFD001A3939 /* Container */ = {
			isa = PBXGroup;
			children = (
				773AC80729DC4C1D001A3939 /* Services.swift */,
			);
			path = Container;
			sourceTree = "<group>";
		};
		773AC80929DC4CE6001A3939 /* Launch */ = {
			isa = PBXGroup;
			children = (
				773AC80B29DC4D09001A3939 /* Assembler */,
				773AC81229DC4EB3001A3939 /* LaunchModule */,
			);
			path = Launch;
			sourceTree = "<group>";
		};
		773AC80A29DC4CEC001A3939 /* Main */ = {
			isa = PBXGroup;
			children = (
				771EF39B29DDB2EA00247BBF /* Assembler */,
				771EF39A29DDB2C300247BBF /* LibraryModule */,
				77C9DDB729E0502D005B4135 /* RecommendetModule */,
			);
			path = Main;
			sourceTree = "<group>";
		};
		773AC80B29DC4D09001A3939 /* Assembler */ = {
			isa = PBXGroup;
			children = (
				773AC80C29DC4D1B001A3939 /* LaunchFactory.swift */,
				773AC80E29DC4D3B001A3939 /* LaunchCoordinator.swift */,
			);
			path = Assembler;
			sourceTree = "<group>";
		};
		773AC81229DC4EB3001A3939 /* LaunchModule */ = {
			isa = PBXGroup;
			children = (
				773AC81329DC4ED7001A3939 /* LaunchPresenter.swift */,
				773AC81529DC4EE2001A3939 /* LaunchPresenterIO.swift */,
				773AC81729DC4F00001A3939 /* LaunchViewController.swift */,
				773AC81929DC4F0D001A3939 /* LaunchView.swift */,
			);
			path = LaunchModule;
			sourceTree = "<group>";
		};
		77C9DDB729E0502D005B4135 /* RecommendetModule */ = {
			isa = PBXGroup;
			children = (
				77C9DDBE29E051C9005B4135 /* RecommendedPresenter.swift */,
				77C9DDBC29E051BB005B4135 /* RecommendedPresenterIO.swift */,
				77C9DDBA29E0517A005B4135 /* RecommendedViewController.swift */,
				77C9DDB829E05151005B4135 /* RecommendedView.swift */,
			);
			path = RecommendetModule;
			sourceTree = "<group>";
		};
/* End PBXGroup section */

/* Begin PBXNativeTarget section */
		773AC7CC29DC447B001A3939 /* BookApp */ = {
			isa = PBXNativeTarget;
			buildConfigurationList = 773AC7E129DC447D001A3939 /* Build configuration list for PBXNativeTarget "BookApp" */;
			buildPhases = (
				773AC7C929DC447B001A3939 /* Sources */,
				773AC7CA29DC447B001A3939 /* Frameworks */,
				773AC7CB29DC447B001A3939 /* Resources */,
			);
			buildRules = (
			);
			dependencies = (
			);
			name = BookApp;
			packageProductDependencies = (
				771EF3AF29DDC5E700247BBF /* FirebaseAnalytics */,
				771EF3B129DDC5E700247BBF /* FirebaseCrashlytics */,
				772A76C229DEB29200D36ED3 /* Kingfisher */,
			);
			productName = BookApp;
			productReference = 773AC7CD29DC447B001A3939 /* BookApp.app */;
			productType = "com.apple.product-type.application";
		};
/* End PBXNativeTarget section */

/* Begin PBXProject section */
		773AC7C529DC447B001A3939 /* Project object */ = {
			isa = PBXProject;
			attributes = {
				BuildIndependentTargetsInParallel = 1;
				LastSwiftUpdateCheck = 1420;
				LastUpgradeCheck = 1420;
				TargetAttributes = {
					773AC7CC29DC447B001A3939 = {
						CreatedOnToolsVersion = 14.2;
					};
				};
			};
			buildConfigurationList = 773AC7C829DC447B001A3939 /* Build configuration list for PBXProject "BookApp" */;
			compatibilityVersion = "Xcode 14.0";
			developmentRegion = en;
			hasScannedForEncodings = 0;
			knownRegions = (
				en,
				Base,
			);
			mainGroup = 773AC7C429DC447B001A3939;
			packageReferences = (
				771EF3AE29DDC5E700247BBF /* XCRemoteSwiftPackageReference "firebase-ios-sdk" */,
				772A76C129DEB29200D36ED3 /* XCRemoteSwiftPackageReference "Kingfisher" */,
			);
			productRefGroup = 773AC7CE29DC447B001A3939 /* Products */;
			projectDirPath = "";
			projectRoot = "";
			targets = (
				773AC7CC29DC447B001A3939 /* BookApp */,
			);
		};
/* End PBXProject section */

/* Begin PBXResourcesBuildPhase section */
		773AC7CB29DC447B001A3939 /* Resources */ = {
			isa = PBXResourcesBuildPhase;
			buildActionMask = 2147483647;
			files = (
				771EF39429DD7B1600247BBF /* OFL.txt in Resources */,
				771EF39629DD7B1600247BBF /* NunitoSans-SemiBold.ttf in Resources */,
				771EF39929DD7B1600247BBF /* NunitoSans-ExtraLightItalic.ttf in Resources */,
				772A76B029DE9DB000D36ED3 /* RecommendationJSON.json in Resources */,
				771EF39029DD7B1600247BBF /* NunitoSans-ExtraBold.ttf in Resources */,
				771EF39329DD7B1600247BBF /* NunitoSans-Italic.ttf in Resources */,
				772A76AE29DE9D6100D36ED3 /* BannerJSON.json in Resources */,
				771EF39529DD7B1600247BBF /* NunitoSans-Bold.ttf in Resources */,
				771EF33729DD631400247BBF /* Images.xcassets in Resources */,
				771EF38C29DD7B1600247BBF /* NunitoSans-BoldItalic.ttf in Resources */,
				771EF33929DD632900247BBF /* Colors.xcassets in Resources */,
				773AC7DD29DC447D001A3939 /* LaunchScreen.storyboard in Resources */,
				771EF3A929DDC2B700247BBF /* GoogleService-Info.plist in Resources */,
				771EF39229DD7B1600247BBF /* NunitoSans-SemiBoldItalic.ttf in Resources */,
				771EF39829DD7B1600247BBF /* NunitoSans-ExtraBoldItalic.ttf in Resources */,
				771EF39129DD7B1600247BBF /* NunitoSans-Regular.ttf in Resources */,
				772A76AB29DE9D1800D36ED3 /* BooksJSON.json in Resources */,
				771EF33229DD60D800247BBF /* Localizable.strings in Resources */,
				771EF38B29DD7B1600247BBF /* NunitoSans-LightItalic.ttf in Resources */,
				771EF38D29DD7B1600247BBF /* NunitoSans-ExtraLight.ttf in Resources */,
				771EF39729DD7B1600247BBF /* NunitoSans-Black.ttf in Resources */,
				771EF38F29DD7B1600247BBF /* NunitoSans-BlackItalic.ttf in Resources */,
				771EF38E29DD7B1600247BBF /* NunitoSans-Light.ttf in Resources */,
			);
			runOnlyForDeploymentPostprocessing = 0;
		};
/* End PBXResourcesBuildPhase section */

/* Begin PBXSourcesBuildPhase section */
		773AC7C929DC447B001A3939 /* Sources */ = {
			isa = PBXSourcesBuildPhase;
			buildActionMask = 2147483647;
			files = (
				77C9DDBF29E051C9005B4135 /* RecommendedPresenter.swift in Sources */,
				77C9DDBB29E0517A005B4135 /* RecommendedViewController.swift in Sources */,
				77C9DDC129E05A18005B4135 /* UIViewController+Views.swift in Sources */,
				773AC7FA29DC4B2D001A3939 /* Factory.swift in Sources */,
				773AC80829DC4C1D001A3939 /* Services.swift in Sources */,
				771EF3A529DDB35500247BBF /* LibraryFactory.swift in Sources */,
				773AC7E629DC45F9001A3939 /* AppCoordinator.swift in Sources */,
				772A76B329DE9FBB00D36ED3 /* BooksDataModel.swift in Sources */,
				771EF39D29DDB30300247BBF /* LibraryView.swift in Sources */,
				773AC81429DC4ED7001A3939 /* LaunchPresenter.swift in Sources */,
				773AC7F929DC4B2D001A3939 /* CoordinatorFactory.swift in Sources */,
				771EF32F29DD607500247BBF /* Strings.swift in Sources */,
				773AC7FB29DC4B2D001A3939 /* Router.swift in Sources */,
				773AC81A29DC4F0D001A3939 /* LaunchView.swift in Sources */,
				771EF34829DD749500247BBF /* Fonts.swift in Sources */,
				771EF3A329DDB33200247BBF /* LibraryPresenter.swift in Sources */,
				771EF3A729DDB36200247BBF /* MainCoordinator.swift in Sources */,
				771EF39F29DDB31000247BBF /* LibraryViewController.swift in Sources */,
				771EF33D29DD63C600247BBF /* Assets.swift in Sources */,
				772A76C029DEA86400D36ED3 /* RecommendationData.swift in Sources */,
				772A76B529DEA21600D36ED3 /* BannersDataModel.swift in Sources */,
				771EF34129DD6B1500247BBF /* UIView+Constraints.swift in Sources */,
				773AC81829DC4F00001A3939 /* LaunchViewController.swift in Sources */,
				773AC7F129DC4943001A3939 /* Coordinator.swift in Sources */,
				77377C9C29DF198A00A1089D /* BookCollectionViewCell.swift in Sources */,
				77C9DDB929E05151005B4135 /* RecommendedView.swift in Sources */,
				771EF3A129DDB32800247BBF /* LibraryPresenterIO.swift in Sources */,
				771EF3B529DDD70E00247BBF /* BannerCollectionViewCell.swift in Sources */,
				77C9DDBD29E051BB005B4135 /* RecommendedPresenterIO.swift in Sources */,
				773AC80D29DC4D1B001A3939 /* LaunchFactory.swift in Sources */,
				773AC7F329DC4965001A3939 /* LaunchInstructor.swift in Sources */,
				772A76B729DEA2C800D36ED3 /* RecommendationDataModel.swift in Sources */,
				773AC81629DC4EE2001A3939 /* LaunchPresenterIO.swift in Sources */,
				772A76BA29DEA49B00D36ED3 /* BooksData.swift in Sources */,
				773AC80F29DC4D3B001A3939 /* LaunchCoordinator.swift in Sources */,
				773AC80329DC4B9D001A3939 /* UIViewController+ControllerForPresentation.swift in Sources */,
				773AC7D129DC447B001A3939 /* AppDelegate.swift in Sources */,
				773AC7D329DC447B001A3939 /* SceneDelegate.swift in Sources */,
				772A76C829DEB4CD00D36ED3 /* UIView+Image.swift in Sources */,
				773AC81129DC4DE2001A3939 /* AppProvider.swift in Sources */,
				772A76BD29DEA6EE00D36ED3 /* BannerData.swift in Sources */,
			);
			runOnlyForDeploymentPostprocessing = 0;
		};
/* End PBXSourcesBuildPhase section */

/* Begin PBXVariantGroup section */
		773AC7DB29DC447D001A3939 /* LaunchScreen.storyboard */ = {
			isa = PBXVariantGroup;
			children = (
				773AC7DC29DC447D001A3939 /* Base */,
			);
			name = LaunchScreen.storyboard;
			sourceTree = "<group>";
		};
/* End PBXVariantGroup section */

/* Begin XCBuildConfiguration section */
		773AC7DF29DC447D001A3939 /* Debug */ = {
			isa = XCBuildConfiguration;
			buildSettings = {
				ALWAYS_SEARCH_USER_PATHS = NO;
				CLANG_ANALYZER_NONNULL = YES;
				CLANG_ANALYZER_NUMBER_OBJECT_CONVERSION = YES_AGGRESSIVE;
				CLANG_CXX_LANGUAGE_STANDARD = "gnu++20";
				CLANG_ENABLE_MODULES = YES;
				CLANG_ENABLE_OBJC_ARC = YES;
				CLANG_ENABLE_OBJC_WEAK = YES;
				CLANG_WARN_BLOCK_CAPTURE_AUTORELEASING = YES;
				CLANG_WARN_BOOL_CONVERSION = YES;
				CLANG_WARN_COMMA = YES;
				CLANG_WARN_CONSTANT_CONVERSION = YES;
				CLANG_WARN_DEPRECATED_OBJC_IMPLEMENTATIONS = YES;
				CLANG_WARN_DIRECT_OBJC_ISA_USAGE = YES_ERROR;
				CLANG_WARN_DOCUMENTATION_COMMENTS = YES;
				CLANG_WARN_EMPTY_BODY = YES;
				CLANG_WARN_ENUM_CONVERSION = YES;
				CLANG_WARN_INFINITE_RECURSION = YES;
				CLANG_WARN_INT_CONVERSION = YES;
				CLANG_WARN_NON_LITERAL_NULL_CONVERSION = YES;
				CLANG_WARN_OBJC_IMPLICIT_RETAIN_SELF = YES;
				CLANG_WARN_OBJC_LITERAL_CONVERSION = YES;
				CLANG_WARN_OBJC_ROOT_CLASS = YES_ERROR;
				CLANG_WARN_QUOTED_INCLUDE_IN_FRAMEWORK_HEADER = YES;
				CLANG_WARN_RANGE_LOOP_ANALYSIS = YES;
				CLANG_WARN_STRICT_PROTOTYPES = YES;
				CLANG_WARN_SUSPICIOUS_MOVE = YES;
				CLANG_WARN_UNGUARDED_AVAILABILITY = YES_AGGRESSIVE;
				CLANG_WARN_UNREACHABLE_CODE = YES;
				CLANG_WARN__DUPLICATE_METHOD_MATCH = YES;
				COPY_PHASE_STRIP = NO;
				DEBUG_INFORMATION_FORMAT = dwarf;
				ENABLE_STRICT_OBJC_MSGSEND = YES;
				ENABLE_TESTABILITY = YES;
				GCC_C_LANGUAGE_STANDARD = gnu11;
				GCC_DYNAMIC_NO_PIC = NO;
				GCC_NO_COMMON_BLOCKS = YES;
				GCC_OPTIMIZATION_LEVEL = 0;
				GCC_PREPROCESSOR_DEFINITIONS = (
					"DEBUG=1",
					"$(inherited)",
				);
				GCC_WARN_64_TO_32_BIT_CONVERSION = YES;
				GCC_WARN_ABOUT_RETURN_TYPE = YES_ERROR;
				GCC_WARN_UNDECLARED_SELECTOR = YES;
				GCC_WARN_UNINITIALIZED_AUTOS = YES_AGGRESSIVE;
				GCC_WARN_UNUSED_FUNCTION = YES;
				GCC_WARN_UNUSED_VARIABLE = YES;
				IPHONEOS_DEPLOYMENT_TARGET = 16.2;
				MTL_ENABLE_DEBUG_INFO = INCLUDE_SOURCE;
				MTL_FAST_MATH = YES;
				ONLY_ACTIVE_ARCH = YES;
				SDKROOT = iphoneos;
				SWIFT_ACTIVE_COMPILATION_CONDITIONS = DEBUG;
				SWIFT_OPTIMIZATION_LEVEL = "-Onone";
			};
			name = Debug;
		};
		773AC7E029DC447D001A3939 /* Release */ = {
			isa = XCBuildConfiguration;
			buildSettings = {
				ALWAYS_SEARCH_USER_PATHS = NO;
				CLANG_ANALYZER_NONNULL = YES;
				CLANG_ANALYZER_NUMBER_OBJECT_CONVERSION = YES_AGGRESSIVE;
				CLANG_CXX_LANGUAGE_STANDARD = "gnu++20";
				CLANG_ENABLE_MODULES = YES;
				CLANG_ENABLE_OBJC_ARC = YES;
				CLANG_ENABLE_OBJC_WEAK = YES;
				CLANG_WARN_BLOCK_CAPTURE_AUTORELEASING = YES;
				CLANG_WARN_BOOL_CONVERSION = YES;
				CLANG_WARN_COMMA = YES;
				CLANG_WARN_CONSTANT_CONVERSION = YES;
				CLANG_WARN_DEPRECATED_OBJC_IMPLEMENTATIONS = YES;
				CLANG_WARN_DIRECT_OBJC_ISA_USAGE = YES_ERROR;
				CLANG_WARN_DOCUMENTATION_COMMENTS = YES;
				CLANG_WARN_EMPTY_BODY = YES;
				CLANG_WARN_ENUM_CONVERSION = YES;
				CLANG_WARN_INFINITE_RECURSION = YES;
				CLANG_WARN_INT_CONVERSION = YES;
				CLANG_WARN_NON_LITERAL_NULL_CONVERSION = YES;
				CLANG_WARN_OBJC_IMPLICIT_RETAIN_SELF = YES;
				CLANG_WARN_OBJC_LITERAL_CONVERSION = YES;
				CLANG_WARN_OBJC_ROOT_CLASS = YES_ERROR;
				CLANG_WARN_QUOTED_INCLUDE_IN_FRAMEWORK_HEADER = YES;
				CLANG_WARN_RANGE_LOOP_ANALYSIS = YES;
				CLANG_WARN_STRICT_PROTOTYPES = YES;
				CLANG_WARN_SUSPICIOUS_MOVE = YES;
				CLANG_WARN_UNGUARDED_AVAILABILITY = YES_AGGRESSIVE;
				CLANG_WARN_UNREACHABLE_CODE = YES;
				CLANG_WARN__DUPLICATE_METHOD_MATCH = YES;
				COPY_PHASE_STRIP = NO;
				DEBUG_INFORMATION_FORMAT = "dwarf-with-dsym";
				ENABLE_NS_ASSERTIONS = NO;
				ENABLE_STRICT_OBJC_MSGSEND = YES;
				GCC_C_LANGUAGE_STANDARD = gnu11;
				GCC_NO_COMMON_BLOCKS = YES;
				GCC_WARN_64_TO_32_BIT_CONVERSION = YES;
				GCC_WARN_ABOUT_RETURN_TYPE = YES_ERROR;
				GCC_WARN_UNDECLARED_SELECTOR = YES;
				GCC_WARN_UNINITIALIZED_AUTOS = YES_AGGRESSIVE;
				GCC_WARN_UNUSED_FUNCTION = YES;
				GCC_WARN_UNUSED_VARIABLE = YES;
				IPHONEOS_DEPLOYMENT_TARGET = 16.2;
				MTL_ENABLE_DEBUG_INFO = NO;
				MTL_FAST_MATH = YES;
				SDKROOT = iphoneos;
				SWIFT_COMPILATION_MODE = wholemodule;
				SWIFT_OPTIMIZATION_LEVEL = "-O";
				VALIDATE_PRODUCT = YES;
			};
			name = Release;
		};
		773AC7E229DC447D001A3939 /* Debug */ = {
			isa = XCBuildConfiguration;
			buildSettings = {
				ASSETCATALOG_COMPILER_APPICON_NAME = AppIcon;
				ASSETCATALOG_COMPILER_GLOBAL_ACCENT_COLOR_NAME = AccentColor;
				CODE_SIGN_STYLE = Automatic;
				CURRENT_PROJECT_VERSION = 1;
				DEVELOPMENT_TEAM = QTR5336WJC;
				GENERATE_INFOPLIST_FILE = YES;
				INFOPLIST_FILE = BookApp/Enviroment/Info.plist;
				INFOPLIST_KEY_CFBundleDisplayName = "Book App";
				INFOPLIST_KEY_UIApplicationSupportsIndirectInputEvents = YES;
				INFOPLIST_KEY_UILaunchStoryboardName = LaunchScreen;
				INFOPLIST_KEY_UISupportedInterfaceOrientations = UIInterfaceOrientationPortrait;
				INFOPLIST_KEY_UISupportedInterfaceOrientations_iPad = "UIInterfaceOrientationLandscapeLeft UIInterfaceOrientationLandscapeRight UIInterfaceOrientationPortrait UIInterfaceOrientationPortraitUpsideDown";
				IPHONEOS_DEPLOYMENT_TARGET = 15.0;
				LD_RUNPATH_SEARCH_PATHS = (
					"$(inherited)",
					"@executable_path/Frameworks",
				);
				MARKETING_VERSION = 1.0;
				PRODUCT_BUNDLE_IDENTIFIER = com.andreymomot.BookApp;
				PRODUCT_NAME = "$(TARGET_NAME)";
				SUPPORTED_PLATFORMS = "iphoneos iphonesimulator";
				SUPPORTS_MACCATALYST = NO;
				SUPPORTS_MAC_DESIGNED_FOR_IPHONE_IPAD = NO;
				SWIFT_EMIT_LOC_STRINGS = YES;
				SWIFT_VERSION = 5.0;
				TARGETED_DEVICE_FAMILY = 1;
			};
			name = Debug;
		};
		773AC7E329DC447D001A3939 /* Release */ = {
			isa = XCBuildConfiguration;
			buildSettings = {
				ASSETCATALOG_COMPILER_APPICON_NAME = AppIcon;
				ASSETCATALOG_COMPILER_GLOBAL_ACCENT_COLOR_NAME = AccentColor;
				CODE_SIGN_STYLE = Automatic;
				CURRENT_PROJECT_VERSION = 1;
				DEVELOPMENT_TEAM = QTR5336WJC;
				GENERATE_INFOPLIST_FILE = YES;
				INFOPLIST_FILE = BookApp/Enviroment/Info.plist;
				INFOPLIST_KEY_CFBundleDisplayName = "Book App";
				INFOPLIST_KEY_UIApplicationSupportsIndirectInputEvents = YES;
				INFOPLIST_KEY_UILaunchStoryboardName = LaunchScreen;
				INFOPLIST_KEY_UISupportedInterfaceOrientations = UIInterfaceOrientationPortrait;
				INFOPLIST_KEY_UISupportedInterfaceOrientations_iPad = "UIInterfaceOrientationLandscapeLeft UIInterfaceOrientationLandscapeRight UIInterfaceOrientationPortrait UIInterfaceOrientationPortraitUpsideDown";
				IPHONEOS_DEPLOYMENT_TARGET = 15.0;
				LD_RUNPATH_SEARCH_PATHS = (
					"$(inherited)",
					"@executable_path/Frameworks",
				);
				MARKETING_VERSION = 1.0;
				PRODUCT_BUNDLE_IDENTIFIER = com.andreymomot.BookApp;
				PRODUCT_NAME = "$(TARGET_NAME)";
				SUPPORTED_PLATFORMS = "iphoneos iphonesimulator";
				SUPPORTS_MACCATALYST = NO;
				SUPPORTS_MAC_DESIGNED_FOR_IPHONE_IPAD = NO;
				SWIFT_EMIT_LOC_STRINGS = YES;
				SWIFT_VERSION = 5.0;
				TARGETED_DEVICE_FAMILY = 1;
			};
			name = Release;
		};
/* End XCBuildConfiguration section */

/* Begin XCConfigurationList section */
		773AC7C829DC447B001A3939 /* Build configuration list for PBXProject "BookApp" */ = {
			isa = XCConfigurationList;
			buildConfigurations = (
				773AC7DF29DC447D001A3939 /* Debug */,
				773AC7E029DC447D001A3939 /* Release */,
			);
			defaultConfigurationIsVisible = 0;
			defaultConfigurationName = Release;
		};
		773AC7E129DC447D001A3939 /* Build configuration list for PBXNativeTarget "BookApp" */ = {
			isa = XCConfigurationList;
			buildConfigurations = (
				773AC7E229DC447D001A3939 /* Debug */,
				773AC7E329DC447D001A3939 /* Release */,
			);
			defaultConfigurationIsVisible = 0;
			defaultConfigurationName = Release;
		};
/* End XCConfigurationList section */

/* Begin XCRemoteSwiftPackageReference section */
		771EF3AE29DDC5E700247BBF /* XCRemoteSwiftPackageReference "firebase-ios-sdk" */ = {
			isa = XCRemoteSwiftPackageReference;
			repositoryURL = "https://github.com/firebase/firebase-ios-sdk.git";
			requirement = {
				kind = upToNextMajorVersion;
				minimumVersion = 9.0.0;
			};
		};
		772A76C129DEB29200D36ED3 /* XCRemoteSwiftPackageReference "Kingfisher" */ = {
			isa = XCRemoteSwiftPackageReference;
			repositoryURL = "https://github.com/onevcat/Kingfisher";
			requirement = {
				kind = upToNextMajorVersion;
				minimumVersion = 7.0.0;
			};
		};
/* End XCRemoteSwiftPackageReference section */

/* Begin XCSwiftPackageProductDependency section */
		771EF3AF29DDC5E700247BBF /* FirebaseAnalytics */ = {
			isa = XCSwiftPackageProductDependency;
			package = 771EF3AE29DDC5E700247BBF /* XCRemoteSwiftPackageReference "firebase-ios-sdk" */;
			productName = FirebaseAnalytics;
		};
		771EF3B129DDC5E700247BBF /* FirebaseCrashlytics */ = {
			isa = XCSwiftPackageProductDependency;
			package = 771EF3AE29DDC5E700247BBF /* XCRemoteSwiftPackageReference "firebase-ios-sdk" */;
			productName = FirebaseCrashlytics;
		};
		772A76C229DEB29200D36ED3 /* Kingfisher */ = {
			isa = XCSwiftPackageProductDependency;
			package = 772A76C129DEB29200D36ED3 /* XCRemoteSwiftPackageReference "Kingfisher" */;
			productName = Kingfisher;
		};
/* End XCSwiftPackageProductDependency section */
	};
	rootObject = 773AC7C529DC447B001A3939 /* Project object */;
}
